{
  "name": "@cg3/prior-node",
  "version": "0.5.5",
  "lockfileVersion": 3,
  "requires": true,
  "packages": {
    "": {
      "name": "@cg3/prior-node",
      "version": "0.5.5",
      "license": "MIT",
      "dependencies": {
        "@cg3/equip": "^0.1.1"
      },
      "bin": {
        "prior": "bin/prior.js"
      },
      "engines": {
        "node": ">=18.0.0"
      }
    },
    "node_modules/@cg3/equip": {
      "version": "0.1.1",
      "resolved": "https://registry.npmjs.org/@cg3/equip/-/equip-0.1.1.tgz",
      "integrity": "sha512-+IoWDbO37a7Y4z/YFpGddKCCdjeJSq9cQNlG8vNq1q6qnwQaOpGc5SxBJMvjSb/gGQM0KH7e8k+kQnagALcT0g==",
      "license": "MIT",
      "engines": {
        "node": ">=18"
      }
    }
  }
}
